{
    "name": "neo-app",
    "version": "11.15.0",
    "lockfileVersion": 3,
    "requires": true,
    "packages": {
        "": {
            "name": "neo-app",
            "version": "11.15.0",
            "license": "MIT",
            "dependencies": {
                "call-bind": "1.0.8",
                "chalk": "^5.6.2",
                "commander": "^14.0.3",
                "envinfo": "^7.21.0",
                "fs-extra": "^11.3.4",
                "inquirer": "^13.3.0",
                "neo.mjs": "^12.1.0"
            },
            "bin": {
                "neo-app": "tasks/neo-app.mjs"
            },
            "funding": {
                "type": "GitHub Sponsors",
                "url": "https://github.com/sponsors/tobiu"
            }
        },
        "node_modules/@inquirer/ansi": {
            "version": "2.0.4",
            "resolved": "https://registry.npmjs.org/@inquirer/ansi/-/ansi-2.0.4.tgz",
            "integrity": "sha512-DpcZrQObd7S0R/U3bFdkcT5ebRwbTTC4D3tCc1vsJizmgPLxNJBo+AAFmrZwe8zk30P2QzgzGWZ3Q9uJwWuhIg==",
            "license": "MIT",
            "engines": {
                "node": ">=23.5.0 || ^22.13.0 || ^21.7.0 || ^20.12.0"
            }
        },
        "node_modules/@inquirer/checkbox": {
            "version": "5.1.2",
            "resolved": "https://registry.npmjs.org/@inquirer/checkbox/-/checkbox-5.1.2.tgz",
            "integrity": "sha512-PubpMPO2nJgMufkoB3P2wwxNXEMUXnBIKi/ACzDUYfaoPuM7gSTmuxJeMscoLVEsR4qqrCMf5p0SiYGWnVJ8kw==",
            "license": "MIT",
            "dependencies": {
                "@inquirer/ansi": "^2.0.4",
                "@inquirer/core": "^11.1.7",
                "@inquirer/figures": "^2.0.4",
                "@inquirer/type": "^4.0.4"
            },
            "engines": {
                "node": ">=23.5.0 || ^22.13.0 || ^21.7.0 || ^20.12.0"
            },
            "peerDependencies": {
                "@types/node": ">=18"
            },
            "peerDependenciesMeta": {
                "@types/node": {
                    "optional": true
                }
            }
        },
        "node_modules/@inquirer/confirm": {
            "version": "6.0.10",
            "resolved": "https://registry.npmjs.org/@inquirer/confirm/-/confirm-6.0.10.tgz",
            "integrity": "sha512-tiNyA73pgpQ0FQ7axqtoLUe4GDYjNCDcVsbgcA5anvwg2z6i+suEngLKKJrWKJolT//GFPZHwN30binDIHgSgQ==",
            "license": "MIT",
            "dependencies": {
                "@inquirer/core": "^11.1.7",
                "@inquirer/type": "^4.0.4"
            },
            "engines": {
                "node": ">=23.5.0 || ^22.13.0 || ^21.7.0 || ^20.12.0"
            },
            "peerDependencies": {
                "@types/node": ">=18"
            },
            "peerDependenciesMeta": {
                "@types/node": {
                    "optional": true
                }
            }
        },
        "node_modules/@inquirer/core": {
            "version": "11.1.7",
            "resolved": "https://registry.npmjs.org/@inquirer/core/-/core-11.1.7.tgz",
            "integrity": "sha512-1BiBNDk9btIwYIzNZpkikIHXWeNzNncJePPqwDyVMhXhD1ebqbpn1mKGctpoqAbzywZfdG0O4tvmsGIcOevAPQ==",
            "license": "MIT",
            "dependencies": {
                "@inquirer/ansi": "^2.0.4",
                "@inquirer/figures": "^2.0.4",
                "@inquirer/type": "^4.0.4",
                "cli-width": "^4.1.0",
                "fast-wrap-ansi": "^0.2.0",
                "mute-stream": "^3.0.0",
                "signal-exit": "^4.1.0"
            },
            "engines": {
                "node": ">=23.5.0 || ^22.13.0 || ^21.7.0 || ^20.12.0"
            },
            "peerDependencies": {
                "@types/node": ">=18"
            },
            "peerDependenciesMeta": {
                "@types/node": {
                    "optional": true
                }
            }
        },
        "node_modules/@inquirer/editor": {
            "version": "5.0.10",
            "resolved": "https://registry.npmjs.org/@inquirer/editor/-/editor-5.0.10.tgz",
            "integrity": "sha512-VJx4XyaKea7t8hEApTw5dxeIyMtWXre2OiyJcICCRZI4hkoHsMoCnl/KbUnJJExLbH9csLLHMVR144ZhFE1CwA==",
            "license": "MIT",
            "dependencies": {
                "@inquirer/core": "^11.1.7",
                "@inquirer/external-editor": "^2.0.4",
                "@inquirer/type": "^4.0.4"
            },
            "engines": {
                "node": ">=23.5.0 || ^22.13.0 || ^21.7.0 || ^20.12.0"
            },
            "peerDependencies": {
                "@types/node": ">=18"
            },
            "peerDependenciesMeta": {
                "@types/node": {
                    "optional": true
                }
            }
        },
        "node_modules/@inquirer/expand": {
            "version": "5.0.10",
            "resolved": "https://registry.npmjs.org/@inquirer/expand/-/expand-5.0.10.tgz",
            "integrity": "sha512-fC0UHJPXsTRvY2fObiwuQYaAnHrp3aDqfwKUJSdfpgv18QUG054ezGbaRNStk/BKD5IPijeMKWej8VV8O5Q/eQ==",
            "license": "MIT",
            "dependencies": {
                "@inquirer/core": "^11.1.7",
                "@inquirer/type": "^4.0.4"
            },
            "engines": {
                "node": ">=23.5.0 || ^22.13.0 || ^21.7.0 || ^20.12.0"
            },
            "peerDependencies": {
                "@types/node": ">=18"
            },
            "peerDependenciesMeta": {
                "@types/node": {
                    "optional": true
                }
            }
        },
        "node_modules/@inquirer/external-editor": {
            "version": "2.0.4",
            "resolved": "https://registry.npmjs.org/@inquirer/external-editor/-/external-editor-2.0.4.tgz",
            "integrity": "sha512-Prenuv9C1PHj2Itx0BcAOVBTonz02Hc2Nd2DbU67PdGUaqn0nPCnV34oDyyoaZHnmfRxkpuhh/u51ThkrO+RdA==",
            "license": "MIT",
            "dependencies": {
                "chardet": "^2.1.1",
                "iconv-lite": "^0.7.2"
            },
            "engines": {
                "node": ">=23.5.0 || ^22.13.0 || ^21.7.0 || ^20.12.0"
            },
            "peerDependencies": {
                "@types/node": ">=18"
            },
            "peerDependenciesMeta": {
                "@types/node": {
                    "optional": true
                }
            }
        },
        "node_modules/@inquirer/figures": {
            "version": "2.0.4",
            "resolved": "https://registry.npmjs.org/@inquirer/figures/-/figures-2.0.4.tgz",
            "integrity": "sha512-eLBsjlS7rPS3WEhmOmh1znQ5IsQrxWzxWDxO51e4urv+iVrSnIHbq4zqJIOiyNdYLa+BVjwOtdetcQx1lWPpiQ==",
            "license": "MIT",
            "engines": {
                "node": ">=23.5.0 || ^22.13.0 || ^21.7.0 || ^20.12.0"
            }
        },
        "node_modules/@inquirer/input": {
            "version": "5.0.10",
            "resolved": "https://registry.npmjs.org/@inquirer/input/-/input-5.0.10.tgz",
            "integrity": "sha512-nvZ6qEVeX/zVtZ1dY2hTGDQpVGD3R7MYPLODPgKO8Y+RAqxkrP3i/3NwF3fZpLdaMiNuK0z2NaYIx9tPwiSegQ==",
            "license": "MIT",
            "dependencies": {
                "@inquirer/core": "^11.1.7",
                "@inquirer/type": "^4.0.4"
            },
            "engines": {
                "node": ">=23.5.0 || ^22.13.0 || ^21.7.0 || ^20.12.0"
            },
            "peerDependencies": {
                "@types/node": ">=18"
            },
            "peerDependenciesMeta": {
                "@types/node": {
                    "optional": true
                }
            }
        },
        "node_modules/@inquirer/number": {
            "version": "4.0.10",
            "resolved": "https://registry.npmjs.org/@inquirer/number/-/number-4.0.10.tgz",
            "integrity": "sha512-Ht8OQstxiS3APMGjHV0aYAjRAysidWdwurWEo2i8yI5xbhOBWqizT0+MU1S2GCcuhIBg+3SgWVjEoXgfhY+XaA==",
            "license": "MIT",
            "dependencies": {
                "@inquirer/core": "^11.1.7",
                "@inquirer/type": "^4.0.4"
            },
            "engines": {
                "node": ">=23.5.0 || ^22.13.0 || ^21.7.0 || ^20.12.0"
            },
            "peerDependencies": {
                "@types/node": ">=18"
            },
            "peerDependenciesMeta": {
                "@types/node": {
                    "optional": true
                }
            }
        },
        "node_modules/@inquirer/password": {
            "version": "5.0.10",
            "resolved": "https://registry.npmjs.org/@inquirer/password/-/password-5.0.10.tgz",
            "integrity": "sha512-QbNyvIE8q2GTqKLYSsA8ATG+eETo+m31DSR0+AU7x3d2FhaTWzqQek80dj3JGTo743kQc6mhBR0erMjYw5jQ0A==",
            "license": "MIT",
            "dependencies": {
                "@inquirer/ansi": "^2.0.4",
                "@inquirer/core": "^11.1.7",
                "@inquirer/type": "^4.0.4"
            },
            "engines": {
                "node": ">=23.5.0 || ^22.13.0 || ^21.7.0 || ^20.12.0"
            },
            "peerDependencies": {
                "@types/node": ">=18"
            },
            "peerDependenciesMeta": {
                "@types/node": {
                    "optional": true
                }
            }
        },
        "node_modules/@inquirer/prompts": {
            "version": "8.3.2",
            "resolved": "https://registry.npmjs.org/@inquirer/prompts/-/prompts-8.3.2.tgz",
            "integrity": "sha512-yFroiSj2iiBFlm59amdTvAcQFvWS6ph5oKESls/uqPBect7rTU2GbjyZO2DqxMGuIwVA8z0P4K6ViPcd/cp+0w==",
            "license": "MIT",
            "dependencies": {
                "@inquirer/checkbox": "^5.1.2",
                "@inquirer/confirm": "^6.0.10",
                "@inquirer/editor": "^5.0.10",
                "@inquirer/expand": "^5.0.10",
                "@inquirer/input": "^5.0.10",
                "@inquirer/number": "^4.0.10",
                "@inquirer/password": "^5.0.10",
                "@inquirer/rawlist": "^5.2.6",
                "@inquirer/search": "^4.1.6",
                "@inquirer/select": "^5.1.2"
            },
            "engines": {
                "node": ">=23.5.0 || ^22.13.0 || ^21.7.0 || ^20.12.0"
            },
            "peerDependencies": {
                "@types/node": ">=18"
            },
            "peerDependenciesMeta": {
                "@types/node": {
                    "optional": true
                }
            }
        },
        "node_modules/@inquirer/rawlist": {
            "version": "5.2.6",
            "resolved": "https://registry.npmjs.org/@inquirer/rawlist/-/rawlist-5.2.6.tgz",
            "integrity": "sha512-jfw0MLJ5TilNsa9zlJ6nmRM0ZFVZhhTICt4/6CU2Dv1ndY7l3sqqo1gIYZyMMDw0LvE1u1nzJNisfHEhJIxq5w==",
            "license": "MIT",
            "dependencies": {
                "@inquirer/core": "^11.1.7",
                "@inquirer/type": "^4.0.4"
            },
            "engines": {
                "node": ">=23.5.0 || ^22.13.0 || ^21.7.0 || ^20.12.0"
            },
            "peerDependencies": {
                "@types/node": ">=18"
            },
            "peerDependenciesMeta": {
                "@types/node": {
                    "optional": true
                }
            }
        },
        "node_modules/@inquirer/search": {
            "version": "4.1.6",
            "resolved": "https://registry.npmjs.org/@inquirer/search/-/search-4.1.6.tgz",
            "integrity": "sha512-3/6kTRae98hhDevENScy7cdFEuURnSpM3JbBNg8yfXLw88HgTOl+neUuy/l9W0No5NzGsLVydhBzTIxZP7yChQ==",
            "license": "MIT",
            "dependencies": {
                "@inquirer/core": "^11.1.7",
                "@inquirer/figures": "^2.0.4",
                "@inquirer/type": "^4.0.4"
            },
            "engines": {
                "node": ">=23.5.0 || ^22.13.0 || ^21.7.0 || ^20.12.0"
            },
            "peerDependencies": {
                "@types/node": ">=18"
            },
            "peerDependenciesMeta": {
                "@types/node": {
                    "optional": true
                }
            }
        },
        "node_modules/@inquirer/select": {
            "version": "5.1.2",
            "resolved": "https://registry.npmjs.org/@inquirer/select/-/select-5.1.2.tgz",
            "integrity": "sha512-kTK8YIkHV+f02y7bWCh7E0u2/11lul5WepVTclr3UMBtBr05PgcZNWfMa7FY57ihpQFQH/spLMHTcr0rXy50tA==",
            "license": "MIT",
            "dependencies": {
                "@inquirer/ansi": "^2.0.4",
                "@inquirer/core": "^11.1.7",
                "@inquirer/figures": "^2.0.4",
                "@inquirer/type": "^4.0.4"
            },
            "engines": {
                "node": ">=23.5.0 || ^22.13.0 || ^21.7.0 || ^20.12.0"
            },
            "peerDependencies": {
                "@types/node": ">=18"
            },
            "peerDependenciesMeta": {
                "@types/node": {
                    "optional": true
                }
            }
        },
        "node_modules/@inquirer/type": {
            "version": "4.0.4",
            "resolved": "https://registry.npmjs.org/@inquirer/type/-/type-4.0.4.tgz",
            "integrity": "sha512-PamArxO3cFJZoOzspzo6cxVlLeIftyBsZw/S9bKY5DzxqJVZgjoj1oP8d0rskKtp7sZxBycsoer1g6UeJV1BBA==",
            "license": "MIT",
            "engines": {
                "node": ">=23.5.0 || ^22.13.0 || ^21.7.0 || ^20.12.0"
            },
            "peerDependencies": {
                "@types/node": ">=18"
            },
            "peerDependenciesMeta": {
                "@types/node": {
                    "optional": true
                }
            }
        },
        "node_modules/call-bind": {
            "version": "1.0.8",
            "resolved": "https://registry.npmjs.org/call-bind/-/call-bind-1.0.8.tgz",
            "integrity": "sha512-oKlSFMcMwpUg2ednkhQ454wfWiU/ul3CkJe/PEHcTKuiX6RpbehUiFMXu13HalGZxfUwCQzZG747YXBn1im9ww==",
            "license": "MIT",
            "dependencies": {
                "call-bind-apply-helpers": "^1.0.0",
                "es-define-property": "^1.0.0",
                "get-intrinsic": "^1.2.4",
                "set-function-length": "^1.2.2"
            },
            "engines": {
                "node": ">= 0.4"
            },
            "funding": {
                "url": "https://github.com/sponsors/ljharb"
            }
        },
        "node_modules/call-bind-apply-helpers": {
            "version": "1.0.2",
            "resolved": "https://registry.npmjs.org/call-bind-apply-helpers/-/call-bind-apply-helpers-1.0.2.tgz",
            "integrity": "sha512-Sp1ablJ0ivDkSzjcaJdxEunN5/XvksFJ2sMBFfq6x0ryhQV/2b/KwFe21cMpmHtPOSij8K99/wSfoEuTObmuMQ==",
            "license": "MIT",
            "dependencies": {
                "es-errors": "^1.3.0",
                "function-bind": "^1.1.2"
            },
            "engines": {
                "node": ">= 0.4"
            }
        },
        "node_modules/chalk": {
            "version": "5.6.2",
            "resolved": "https://registry.npmjs.org/chalk/-/chalk-5.6.2.tgz",
            "integrity": "sha512-7NzBL0rN6fMUW+f7A6Io4h40qQlG+xGmtMxfbnH/K7TAtt8JQWVQK+6g0UXKMeVJoyV5EkkNsErQ8pVD3bLHbA==",
            "license": "MIT",
            "engines": {
                "node": "^12.17.0 || ^14.13 || >=16.0.0"
            },
            "funding": {
                "url": "https://github.com/chalk/chalk?sponsor=1"
            }
        },
        "node_modules/chardet": {
            "version": "2.1.1",
            "resolved": "https://registry.npmjs.org/chardet/-/chardet-2.1.1.tgz",
            "integrity": "sha512-PsezH1rqdV9VvyNhxxOW32/d75r01NY7TQCmOqomRo15ZSOKbpTFVsfjghxo6JloQUCGnH4k1LGu0R4yCLlWQQ==",
            "license": "MIT"
        },
        "node_modules/cli-width": {
            "version": "4.1.0",
            "resolved": "https://registry.npmjs.org/cli-width/-/cli-width-4.1.0.tgz",
            "integrity": "sha512-ouuZd4/dm2Sw5Gmqy6bGyNNNe1qt9RpmxveLSO7KcgsTnU7RXfsw+/bukWGo1abgBiMAic068rclZsO4IWmmxQ==",
            "license": "ISC",
            "engines": {
                "node": ">= 12"
            }
        },
        "node_modules/commander": {
            "version": "14.0.3",
            "resolved": "https://registry.npmjs.org/commander/-/commander-14.0.3.tgz",
            "integrity": "sha512-H+y0Jo/T1RZ9qPP4Eh1pkcQcLRglraJaSLoyOtHxu6AapkjWVCy2Sit1QQ4x3Dng8qDlSsZEet7g5Pq06MvTgw==",
            "license": "MIT",
            "engines": {
                "node": ">=20"
            }
        },
        "node_modules/define-data-property": {
            "version": "1.1.4",
            "resolved": "https://registry.npmjs.org/define-data-property/-/define-data-property-1.1.4.tgz",
            "integrity": "sha512-rBMvIzlpA8v6E+SJZoo++HAYqsLrkg7MSfIinMPFhmkorw7X+dOXVJQs+QT69zGkzMyfDnIMN2Wid1+NbL3T+A==",
            "license": "MIT",
            "dependencies": {
                "es-define-property": "^1.0.0",
                "es-errors": "^1.3.0",
                "gopd": "^1.0.1"
            },
            "engines": {
                "node": ">= 0.4"
            },
            "funding": {
                "url": "https://github.com/sponsors/ljharb"
            }
        },
        "node_modules/dunder-proto": {
            "version": "1.0.1",
            "resolved": "https://registry.npmjs.org/dunder-proto/-/dunder-proto-1.0.1.tgz",
            "integrity": "sha512-KIN/nDJBQRcXw0MLVhZE9iQHmG68qAVIBg9CqmUYjmQIhgij9U5MFvrqkUL5FbtyyzZuOeOt0zdeRe4UY7ct+A==",
            "license": "MIT",
            "dependencies": {
                "call-bind-apply-helpers": "^1.0.1",
                "es-errors": "^1.3.0",
                "gopd": "^1.2.0"
            },
            "engines": {
                "node": ">= 0.4"
            }
        },
        "node_modules/envinfo": {
            "version": "7.21.0",
            "resolved": "https://registry.npmjs.org/envinfo/-/envinfo-7.21.0.tgz",
            "integrity": "sha512-Lw7I8Zp5YKHFCXL7+Dz95g4CcbMEpgvqZNNq3AmlT5XAV6CgAAk6gyAMqn2zjw08K9BHfcNuKrMiCPLByGafow==",
            "license": "MIT",
            "bin": {
                "envinfo": "dist/cli.js"
            },
            "engines": {
                "node": ">=4"
            }
        },
        "node_modules/es-define-property": {
            "version": "1.0.1",
            "resolved": "https://registry.npmjs.org/es-define-property/-/es-define-property-1.0.1.tgz",
            "integrity": "sha512-e3nRfgfUZ4rNGL232gUgX06QNyyez04KdjFrF+LTRoOXmrOgFKDg4BCdsjW8EnT69eqdYGmRpJwiPVYNrCaW3g==",
            "license": "MIT",
            "engines": {
                "node": ">= 0.4"
            }
        },
        "node_modules/es-errors": {
            "version": "1.3.0",
            "resolved": "https://registry.npmjs.org/es-errors/-/es-errors-1.3.0.tgz",
            "integrity": "sha512-Zf5H2Kxt2xjTvbJvP2ZWLEICxA6j+hAmMzIlypy4xcBg1vKVnx89Wy0GbS+kf5cwCVFFzdCFh2XSCFNULS6csw==",
            "license": "MIT",
            "engines": {
                "node": ">= 0.4"
            }
        },
        "node_modules/es-object-atoms": {
            "version": "1.1.1",
            "resolved": "https://registry.npmjs.org/es-object-atoms/-/es-object-atoms-1.1.1.tgz",
            "integrity": "sha512-FGgH2h8zKNim9ljj7dankFPcICIK9Cp5bm+c2gQSYePhpaG5+esrLODihIorn+Pe6FGJzWhXQotPv73jTaldXA==",
            "license": "MIT",
            "dependencies": {
                "es-errors": "^1.3.0"
            },
            "engines": {
                "node": ">= 0.4"
            }
        },
        "node_modules/fast-string-truncated-width": {
            "version": "3.0.3",
            "resolved": "https://registry.npmjs.org/fast-string-truncated-width/-/fast-string-truncated-width-3.0.3.tgz",
            "integrity": "sha512-0jjjIEL6+0jag3l2XWWizO64/aZVtpiGE3t0Zgqxv0DPuxiMjvB3M24fCyhZUO4KomJQPj3LTSUnDP3GpdwC0g==",
            "license": "MIT"
        },
        "node_modules/fast-string-width": {
            "version": "3.0.2",
            "resolved": "https://registry.npmjs.org/fast-string-width/-/fast-string-width-3.0.2.tgz",
            "integrity": "sha512-gX8LrtNEI5hq8DVUfRQMbr5lpaS4nMIWV+7XEbXk2b8kiQIizgnlr12B4dA3ZEx3308ze0O4Q1R+cHts8kyUJg==",
            "license": "MIT",
            "dependencies": {
                "fast-string-truncated-width": "^3.0.2"
            }
        },
        "node_modules/fast-wrap-ansi": {
            "version": "0.2.0",
            "resolved": "https://registry.npmjs.org/fast-wrap-ansi/-/fast-wrap-ansi-0.2.0.tgz",
            "integrity": "sha512-rLV8JHxTyhVmFYhBJuMujcrHqOT2cnO5Zxj37qROj23CP39GXubJRBUFF0z8KFK77Uc0SukZUf7JZhsVEQ6n8w==",
            "license": "MIT",
            "dependencies": {
                "fast-string-width": "^3.0.2"
            }
        },
        "node_modules/fs-extra": {
            "version": "11.3.4",
            "resolved": "https://registry.npmjs.org/fs-extra/-/fs-extra-11.3.4.tgz",
            "integrity": "sha512-CTXd6rk/M3/ULNQj8FBqBWHYBVYybQ3VPBw0xGKFe3tuH7ytT6ACnvzpIQ3UZtB8yvUKC2cXn1a+x+5EVQLovA==",
            "license": "MIT",
            "dependencies": {
                "graceful-fs": "^4.2.0",
                "jsonfile": "^6.0.1",
                "universalify": "^2.0.0"
            },
            "engines": {
                "node": ">=14.14"
            }
        },
        "node_modules/function-bind": {
            "version": "1.1.2",
            "resolved": "https://registry.npmjs.org/function-bind/-/function-bind-1.1.2.tgz",
            "integrity": "sha512-7XHNxH7qX9xG5mIwxkhumTox/MIRNcOgDrxWsMt2pAr23WHp6MrRlN7FBSFpCpr+oVO0F744iUgR82nJMfG2SA==",
            "license": "MIT",
            "funding": {
                "url": "https://github.com/sponsors/ljharb"
            }
        },
        "node_modules/get-intrinsic": {
            "version": "1.3.0",
            "resolved": "https://registry.npmjs.org/get-intrinsic/-/get-intrinsic-1.3.0.tgz",
            "integrity": "sha512-9fSjSaos/fRIVIp+xSJlE6lfwhES7LNtKaCBIamHsjr2na1BiABJPo0mOjjz8GJDURarmCPGqaiVg5mfjb98CQ==",
            "license": "MIT",
            "dependencies": {
                "call-bind-apply-helpers": "^1.0.2",
                "es-define-property": "^1.0.1",
                "es-errors": "^1.3.0",
                "es-object-atoms": "^1.1.1",
                "function-bind": "^1.1.2",
                "get-proto": "^1.0.1",
                "gopd": "^1.2.0",
                "has-symbols": "^1.1.0",
                "hasown": "^2.0.2",
                "math-intrinsics": "^1.1.0"
            },
            "engines": {
                "node": ">= 0.4"
            },
            "funding": {
                "url": "https://github.com/sponsors/ljharb"
            }
        },
        "node_modules/get-proto": {
            "version": "1.0.1",
            "resolved": "https://registry.npmjs.org/get-proto/-/get-proto-1.0.1.tgz",
            "integrity": "sha512-sTSfBjoXBp89JvIKIefqw7U2CCebsc74kiY6awiGogKtoSGbgjYE/G/+l9sF3MWFPNc9IcoOC4ODfKHfxFmp0g==",
            "license": "MIT",
            "dependencies": {
                "dunder-proto": "^1.0.1",
                "es-object-atoms": "^1.0.0"
            },
            "engines": {
                "node": ">= 0.4"
            }
        },
        "node_modules/gopd": {
            "version": "1.2.0",
            "resolved": "https://registry.npmjs.org/gopd/-/gopd-1.2.0.tgz",
            "integrity": "sha512-ZUKRh6/kUFoAiTAtTYPZJ3hw9wNxx+BIBOijnlG9PnrJsCcSjs1wyyD6vJpaYtgnzDrKYRSqf3OO6Rfa93xsRg==",
            "license": "MIT",
            "engines": {
                "node": ">= 0.4"
            },
            "funding": {
                "url": "https://github.com/sponsors/ljharb"
            }
        },
        "node_modules/graceful-fs": {
            "version": "4.2.11",
            "resolved": "https://registry.npmjs.org/graceful-fs/-/graceful-fs-4.2.11.tgz",
            "integrity": "sha512-RbJ5/jmFcNNCcDV5o9eTnBLJ/HszWV0P73bc+Ff4nS/rJj+YaS6IGyiOL0VoBYX+l1Wrl3k63h/KrH+nhJ0XvQ=="
        },
        "node_modules/has-property-descriptors": {
            "version": "1.0.2",
            "resolved": "https://registry.npmjs.org/has-property-descriptors/-/has-property-descriptors-1.0.2.tgz",
            "integrity": "sha512-55JNKuIW+vq4Ke1BjOTjM2YctQIvCT7GFzHwmfZPGo5wnrgkid0YQtnAleFSqumZm4az3n2BS+erby5ipJdgrg==",
            "license": "MIT",
            "dependencies": {
                "es-define-property": "^1.0.0"
            },
            "funding": {
                "url": "https://github.com/sponsors/ljharb"
            }
        },
        "node_modules/has-symbols": {
            "version": "1.1.0",
            "resolved": "https://registry.npmjs.org/has-symbols/-/has-symbols-1.1.0.tgz",
            "integrity": "sha512-1cDNdwJ2Jaohmb3sg4OmKaMBwuC48sYni5HUw2DvsC8LjGTLK9h+eb1X6RyuOHe4hT0ULCW68iomhjUoKUqlPQ==",
            "license": "MIT",
            "engines": {
                "node": ">= 0.4"
            },
            "funding": {
                "url": "https://github.com/sponsors/ljharb"
            }
        },
        "node_modules/hasown": {
            "version": "2.0.2",
            "resolved": "https://registry.npmjs.org/hasown/-/hasown-2.0.2.tgz",
            "integrity": "sha512-0hJU9SCPvmMzIBdZFqNPXWa6dqh7WdH0cII9y+CyS8rG3nL48Bclra9HmKhVVUHyPWNH5Y7xDwAB7bfgSjkUMQ==",
            "license": "MIT",
            "dependencies": {
                "function-bind": "^1.1.2"
            },
            "engines": {
                "node": ">= 0.4"
            }
        },
        "node_modules/iconv-lite": {
            "version": "0.7.2",
            "resolved": "https://registry.npmjs.org/iconv-lite/-/iconv-lite-0.7.2.tgz",
            "integrity": "sha512-im9DjEDQ55s9fL4EYzOAv0yMqmMBSZp6G0VvFyTMPKWxiSBHUj9NW/qqLmXUwXrrM7AvqSlTCfvqRb0cM8yYqw==",
            "license": "MIT",
            "dependencies": {
                "safer-buffer": ">= 2.1.2 < 3.0.0"
            },
            "engines": {
                "node": ">=0.10.0"
            },
            "funding": {
                "type": "opencollective",
                "url": "https://opencollective.com/express"
            }
        },
        "node_modules/inquirer": {
            "version": "13.3.2",
            "resolved": "https://registry.npmjs.org/inquirer/-/inquirer-13.3.2.tgz",
            "integrity": "sha512-bh/OjBGxNR9qvfQj1n5bxtIF58mbOTp2InN5dKuwUK03dXcDGFsjlDinQRuXMZ4EGiJaFieUWHCAaxH2p7iUBw==",
            "license": "MIT",
            "dependencies": {
                "@inquirer/ansi": "^2.0.4",
                "@inquirer/core": "^11.1.7",
                "@inquirer/prompts": "^8.3.2",
                "@inquirer/type": "^4.0.4",
                "mute-stream": "^3.0.0",
                "run-async": "^4.0.6",
                "rxjs": "^7.8.2"
            },
            "engines": {
                "node": ">=23.5.0 || ^22.13.0 || ^21.7.0 || ^20.12.0"
            },
            "peerDependencies": {
                "@types/node": ">=18"
            },
            "peerDependenciesMeta": {
                "@types/node": {
                    "optional": true
                }
            }
        },
        "node_modules/jsonfile": {
            "version": "6.1.0",
            "resolved": "https://registry.npmjs.org/jsonfile/-/jsonfile-6.1.0.tgz",
            "integrity": "sha512-5dgndWOriYSm5cnYaJNhalLNDKOqFwyDB/rr1E9ZsGciGvKPs8R2xYGCacuf3z6K1YKDz182fd+fY3cn3pMqXQ==",
            "dependencies": {
                "universalify": "^2.0.0"
            },
            "optionalDependencies": {
                "graceful-fs": "^4.1.6"
            }
        },
        "node_modules/math-intrinsics": {
            "version": "1.1.0",
            "resolved": "https://registry.npmjs.org/math-intrinsics/-/math-intrinsics-1.1.0.tgz",
            "integrity": "sha512-/IXtbwEk5HTPyEwyKX6hGkYXxM9nbj64B+ilVJnC/R6B0pH5G4V3b0pVbL7DBj4tkhBAppbQUlf6F6Xl9LHu1g==",
            "license": "MIT",
            "engines": {
                "node": ">= 0.4"
            }
        },
        "node_modules/mute-stream": {
            "version": "3.0.0",
            "resolved": "https://registry.npmjs.org/mute-stream/-/mute-stream-3.0.0.tgz",
            "integrity": "sha512-dkEJPVvun4FryqBmZ5KhDo0K9iDXAwn08tMLDinNdRBNPcYEDiWYysLcc6k3mjTMlbP9KyylvRpd4wFtwrT9rw==",
            "license": "ISC",
            "engines": {
                "node": "^20.17.0 || >=22.9.0"
            }
        },
        "node_modules/neo.mjs": {
            "version": "12.1.0",
            "resolved": "https://registry.npmjs.org/neo.mjs/-/neo.mjs-12.1.0.tgz",
            "integrity": "sha512-eemFg3J0s2fVkMjlLrUDIbI+qcxjyPktPvWsXalnf3JqV4HvssMqK1SlKMTyGAOUk/5TiFm6oKSd/y8AVpNz8A==",
            "license": "MIT",
            "bin": {
                "neo-cc": "buildScripts/create/class.mjs"
            },
            "funding": {
                "type": "GitHub Sponsors",
                "url": "https://github.com/sponsors/tobiu"
            }
        },
        "node_modules/run-async": {
            "version": "4.0.6",
            "resolved": "https://registry.npmjs.org/run-async/-/run-async-4.0.6.tgz",
            "integrity": "sha512-IoDlSLTs3Yq593mb3ZoKWKXMNu3UpObxhgA/Xuid5p4bbfi2jdY1Hj0m1K+0/tEuQTxIGMhQDqGjKb7RuxGpAQ==",
            "license": "MIT",
            "engines": {
                "node": ">=0.12.0"
            }
        },
        "node_modules/rxjs": {
            "version": "7.8.2",
            "resolved": "https://registry.npmjs.org/rxjs/-/rxjs-7.8.2.tgz",
            "integrity": "sha512-dhKf903U/PQZY6boNNtAGdWbG85WAbjT/1xYoZIC7FAY0yWapOBQVsVrDl58W86//e1VpMNBtRV4MaXfdMySFA==",
            "license": "Apache-2.0",
            "dependencies": {
                "tslib": "^2.1.0"
            }
        },
        "node_modules/safer-buffer": {
            "version": "2.1.2",
            "resolved": "https://registry.npmjs.org/safer-buffer/-/safer-buffer-2.1.2.tgz",
            "integrity": "sha512-YZo3K82SD7Riyi0E1EQPojLz7kpepnSQI9IyPbHHg1XXXevb5dJI7tpyN2ADxGcQbHG7vcyRHk0cbwqcQriUtg==",
            "license": "MIT"
        },
        "node_modules/set-function-length": {
            "version": "1.2.2",
            "resolved": "https://registry.npmjs.org/set-function-length/-/set-function-length-1.2.2.tgz",
            "integrity": "sha512-pgRc4hJ4/sNjWCSS9AmnS40x3bNMDTknHgL5UaMBTMyJnU90EgWh1Rz+MC9eFu4BuN/UwZjKQuY/1v3rM7HMfg==",
            "license": "MIT",
            "dependencies": {
                "define-data-property": "^1.1.4",
                "es-errors": "^1.3.0",
                "function-bind": "^1.1.2",
                "get-intrinsic": "^1.2.4",
                "gopd": "^1.0.1",
                "has-property-descriptors": "^1.0.2"
            },
            "engines": {
                "node": ">= 0.4"
            }
        },
        "node_modules/signal-exit": {
            "version": "4.1.0",
            "resolved": "https://registry.npmjs.org/signal-exit/-/signal-exit-4.1.0.tgz",
            "integrity": "sha512-bzyZ1e88w9O1iNJbKnOlvYTrWPDl46O1bG0D3XInv+9tkPrxrN8jUUTiFlDkkmKWgn1M6CfIA13SuGqOa9Korw==",
            "license": "ISC",
            "engines": {
                "node": ">=14"
            },
            "funding": {
                "url": "https://github.com/sponsors/isaacs"
            }
        },
        "node_modules/tslib": {
            "version": "2.8.1",
            "resolved": "https://registry.npmjs.org/tslib/-/tslib-2.8.1.tgz",
            "integrity": "sha512-oJFu94HQb+KVduSUQL7wnpmqnfmLsOA/nAh6b6EH0wCEoK0/mPeXU6c3wKDV83MkOuHPRHtSXKKU99IBazS/2w==",
            "license": "0BSD"
        },
        "node_modules/universalify": {
            "version": "2.0.0",
            "resolved": "https://registry.npmjs.org/universalify/-/universalify-2.0.0.tgz",
            "integrity": "sha512-hAZsKq7Yy11Zu1DE0OzWjw7nnLZmJZYTDZZyEFHZdUhV8FkH5MCfoU1XMaxXovpyW5nq5scPqq0ZDP9Zyl04oQ==",
            "engines": {
                "node": ">= 10.0.0"
            }
        }
    }
}
